// !$*UTF8*$!
{
	archiveVersion = 1;
	classes = {
	};
	objectVersion = 45;
	objects = {

/* Begin PBXBuildFile section */
		8DD76FAC0486AB0100D96B5E /* main.c in Sources */ = {isa = PBXBuildFile; fileRef = 08FB7796FE84155DC02AAC07 /* main.c */; settings = {ATTRIBUTES = (); }; };
		B0A80ADB12515FFF0079D32B /* strings.c in Sources */ = {isa = PBXBuildFile; fileRef = B0A80ADA12515FFF0079D32B /* strings.c */; };
		D486B01E124CF51900274119 /* reader.c in Sources */ = {isa = PBXBuildFile; fileRef = D486B01D124CF51900274119 /* reader.c */; };
		D486B024124CF53400274119 /* transducer.c in Sources */ = {isa = PBXBuildFile; fileRef = D486B023124CF53400274119 /* transducer.c */; };
		D4F9BE75124F78C500BE338F /* analyser.c in Sources */ = {isa = PBXBuildFile; fileRef = D4F9BE74124F78C500BE338F /* analyser.c */; };
		D4F9BE78124F78D500BE338F /* token.c in Sources */ = {isa = PBXBuildFile; fileRef = D4F9BE77124F78D500BE338F /* token.c */; };
		D4F9C00D12500D9900BE338F /* hashtable.c in Sources */ = {isa = PBXBuildFile; fileRef = D4F9C00C12500D9900BE338F /* hashtable.c */; };
		D4F9C01A1250123200BE338F /* tables.c in Sources */ = {isa = PBXBuildFile; fileRef = D4F9C0191250123200BE338F /* tables.c */; };
/* End PBXBuildFile section */

/* Begin PBXCopyFilesBuildPhase section */
		8DD76FAF0486AB0100D96B5E /* CopyFiles */ = {
			isa = PBXCopyFilesBuildPhase;
			buildActionMask = 8;
			dstPath = /usr/share/man/man1/;
			dstSubfolderSpec = 0;
			files = (
			);
			runOnlyForDeploymentPostprocessing = 1;
		};
/* End PBXCopyFilesBuildPhase section */

/* Begin PBXFileReference section */
		08FB7796FE84155DC02AAC07 /* main.c */ = {isa = PBXFileReference; fileEncoding = 4; lastKnownFileType = sourcecode.c.c; path = main.c; sourceTree = "<group>"; };
		B0A80AD912515FFF0079D32B /* strings.h */ = {isa = PBXFileReference; fileEncoding = 4; lastKnownFileType = sourcecode.c.h; path = strings.h; sourceTree = "<group>"; };
		B0A80ADA12515FFF0079D32B /* strings.c */ = {isa = PBXFileReference; fileEncoding = 4; lastKnownFileType = sourcecode.c.c; path = strings.c; sourceTree = "<group>"; };
		D405F1A8124D1759008E3B10 /* compilador */ = {isa = PBXFileReference; explicitFileType = "compiled.mach-o.executable"; includeInIndex = 0; path = compilador; sourceTree = BUILT_PRODUCTS_DIR; };
		D486B01C124CF51900274119 /* reader.h */ = {isa = PBXFileReference; fileEncoding = 4; lastKnownFileType = sourcecode.c.h; path = reader.h; sourceTree = "<group>"; };
		D486B01D124CF51900274119 /* reader.c */ = {isa = PBXFileReference; fileEncoding = 4; lastKnownFileType = sourcecode.c.c; path = reader.c; sourceTree = "<group>"; };
		D486B022124CF53400274119 /* transducer.h */ = {isa = PBXFileReference; fileEncoding = 4; lastKnownFileType = sourcecode.c.h; path = transducer.h; sourceTree = "<group>"; };
		D486B023124CF53400274119 /* transducer.c */ = {isa = PBXFileReference; fileEncoding = 4; lastKnownFileType = sourcecode.c.c; path = transducer.c; sourceTree = "<group>"; };
		D4F9BE73124F78C500BE338F /* analyser.h */ = {isa = PBXFileReference; fileEncoding = 4; lastKnownFileType = sourcecode.c.h; path = analyser.h; sourceTree = "<group>"; };
		D4F9BE74124F78C500BE338F /* analyser.c */ = {isa = PBXFileReference; fileEncoding = 4; lastKnownFileType = sourcecode.c.c; path = analyser.c; sourceTree = "<group>"; };
		D4F9BE76124F78D500BE338F /* token.h */ = {isa = PBXFileReference; fileEncoding = 4; lastKnownFileType = sourcecode.c.h; path = token.h; sourceTree = "<group>"; };
		D4F9BE77124F78D500BE338F /* token.c */ = {isa = PBXFileReference; fileEncoding = 4; lastKnownFileType = sourcecode.c.c; path = token.c; sourceTree = "<group>"; };
		D4F9C00B12500D9900BE338F /* hashtable.h */ = {isa = PBXFileReference; fileEncoding = 4; lastKnownFileType = sourcecode.c.h; path = hashtable.h; sourceTree = "<group>"; };
		D4F9C00C12500D9900BE338F /* hashtable.c */ = {isa = PBXFileReference; fileEncoding = 4; lastKnownFileType = sourcecode.c.c; path = hashtable.c; sourceTree = "<group>"; };
		D4F9C0181250123200BE338F /* tables.h */ = {isa = PBXFileReference; fileEncoding = 4; lastKnownFileType = sourcecode.c.h; path = tables.h; sourceTree = "<group>"; };
		D4F9C0191250123200BE338F /* tables.c */ = {isa = PBXFileReference; fileEncoding = 4; lastKnownFileType = sourcecode.c.c; path = tables.c; sourceTree = "<group>"; };
/* End PBXFileReference section */

/* Begin PBXFrameworksBuildPhase section */
		8DD76FAD0486AB0100D96B5E /* Frameworks */ = {
			isa = PBXFrameworksBuildPhase;
			buildActionMask = 2147483647;
			files = (
			);
			runOnlyForDeploymentPostprocessing = 0;
		};
/* End PBXFrameworksBuildPhase section */

/* Begin PBXGroup section */
		08FB7794FE84155DC02AAC07 /* compilador */ = {
			isa = PBXGroup;
			children = (
				08FB7795FE84155DC02AAC07 /* Source */,
				C6A0FF2B0290797F04C91782 /* Documentation */,
				1AB674ADFE9D54B511CA2CBB /* Products */,
			);
			name = compilador;
			sourceTree = "<group>";
		};
		08FB7795FE84155DC02AAC07 /* Source */ = {
			isa = PBXGroup;
			children = (
				D4F9BE5C124F73E200BE338F /* Semantic */,
				D4F9BE55124F73BE00BE338F /* Lex */,
				D405F1C8124D1A25008E3B10 /* Helper */,
				08FB7796FE84155DC02AAC07 /* main.c */,
			);
			name = Source;
			sourceTree = "<group>";
		};
		1AB674ADFE9D54B511CA2CBB /* Products */ = {
			isa = PBXGroup;
			children = (
				D405F1A8124D1759008E3B10 /* compilador */,
			);
			name = Products;
			sourceTree = "<group>";
		};
		C6A0FF2B0290797F04C91782 /* Documentation */ = {
			isa = PBXGroup;
			children = (
			);
			name = Documentation;
			sourceTree = "<group>";
		};
		D405F1C8124D1A25008E3B10 /* Helper */ = {
			isa = PBXGroup;
			children = (
				D486B01C124CF51900274119 /* reader.h */,
				D486B01D124CF51900274119 /* reader.c */,
				D4F9C00B12500D9900BE338F /* hashtable.h */,
				D4F9C00C12500D9900BE338F /* hashtable.c */,
				B0A80AD912515FFF0079D32B /* strings.h */,
				B0A80ADA12515FFF0079D32B /* strings.c */,
			);
			name = Helper;
			sourceTree = "<group>";
		};
		D4F9BE55124F73BE00BE338F /* Lex */ = {
			isa = PBXGroup;
			children = (
				D4F9BE73124F78C500BE338F /* analyser.h */,
				D4F9BE74124F78C500BE338F /* analyser.c */,
				D4F9BE76124F78D500BE338F /* token.h */,
				D4F9BE77124F78D500BE338F /* token.c */,
				D486B022124CF53400274119 /* transducer.h */,
				D486B023124CF53400274119 /* transducer.c */,
			);
			name = Lex;
			sourceTree = "<group>";
		};
		D4F9BE5C124F73E200BE338F /* Semantic */ = {
			isa = PBXGroup;
			children = (
				D4F9C0181250123200BE338F /* tables.h */,
				D4F9C0191250123200BE338F /* tables.c */,
			);
			name = Semantic;
			sourceTree = "<group>";
		};
/* End PBXGroup section */

/* Begin PBXNativeTarget section */
		8DD76FA90486AB0100D96B5E /* compilador */ = {
			isa = PBXNativeTarget;
			buildConfigurationList = 1DEB928508733DD80010E9CD /* Build configuration list for PBXNativeTarget "compilador" */;
			buildPhases = (
				8DD76FAB0486AB0100D96B5E /* Sources */,
				8DD76FAD0486AB0100D96B5E /* Frameworks */,
				8DD76FAF0486AB0100D96B5E /* CopyFiles */,
			);
			buildRules = (
			);
			dependencies = (
			);
			name = compilador;
			productInstallPath = "$(HOME)/bin";
			productName = compilador;
			productReference = D405F1A8124D1759008E3B10 /* compilador */;
			productType = "com.apple.product-type.tool";
		};
/* End PBXNativeTarget section */

/* Begin PBXProject section */
		08FB7793FE84155DC02AAC07 /* Project object */ = {
			isa = PBXProject;
			buildConfigurationList = 1DEB928908733DD80010E9CD /* Build configuration list for PBXProject "compiler" */;
			compatibilityVersion = "Xcode 3.1";
			hasScannedForEncodings = 1;
			mainGroup = 08FB7794FE84155DC02AAC07 /* compilador */;
			projectDirPath = "";
			projectRoot = "";
			targets = (
				8DD76FA90486AB0100D96B5E /* compilador */,
			);
		};
/* End PBXProject section */

/* Begin PBXSourcesBuildPhase section */
		8DD76FAB0486AB0100D96B5E /* Sources */ = {
			isa = PBXSourcesBuildPhase;
			buildActionMask = 2147483647;
			files = (
				8DD76FAC0486AB0100D96B5E /* main.c in Sources */,
				D486B01E124CF51900274119 /* reader.c in Sources */,
				D486B024124CF53400274119 /* transducer.c in Sources */,
				D4F9BE75124F78C500BE338F /* analyser.c in Sources */,
				D4F9BE78124F78D500BE338F /* token.c in Sources */,
				D4F9C00D12500D9900BE338F /* hashtable.c in Sources */,
				D4F9C01A1250123200BE338F /* tables.c in Sources */,
				B0A80ADB12515FFF0079D32B /* strings.c in Sources */,
			);
			runOnlyForDeploymentPostprocessing = 0;
		};
/* End PBXSourcesBuildPhase section */

/* Begin XCBuildConfiguration section */
		1DEB928608733DD80010E9CD /* Debug */ = {
			isa = XCBuildConfiguration;
			buildSettings = {
				ALWAYS_SEARCH_USER_PATHS = NO;
				COPY_PHASE_STRIP = NO;
				GCC_DYNAMIC_NO_PIC = NO;
				GCC_ENABLE_FIX_AND_CONTINUE = YES;
				GCC_MODEL_TUNING = G5;
				GCC_OPTIMIZATION_LEVEL = 0;
				INSTALL_PATH = /usr/local/bin;
				PRODUCT_NAME = compilador;
			};
			name = Debug;
		};
		1DEB928708733DD80010E9CD /* Release */ = {
			isa = XCBuildConfiguration;
			buildSettings = {
				ALWAYS_SEARCH_USER_PATHS = NO;
				DEBUG_INFORMATION_FORMAT = "dwarf-with-dsym";
				GCC_MODEL_TUNING = G5;
				INSTALL_PATH = /usr/local/bin;
				PRODUCT_NAME = compilador;
			};
			name = Release;
		};
		1DEB928A08733DD80010E9CD /* Debug */ = {
			isa = XCBuildConfiguration;
			buildSettings = {
				ARCHS = "$(ARCHS_STANDARD_32_64_BIT)";
				GCC_C_LANGUAGE_STANDARD = gnu99;
				GCC_OPTIMIZATION_LEVEL = 0;
				GCC_WARN_ABOUT_RETURN_TYPE = YES;
				GCC_WARN_UNUSED_VARIABLE = YES;
				ONLY_ACTIVE_ARCH = YES;
				PREBINDING = NO;
				SDKROOT = macosx10.6;
			};
			name = Debug;
		};
		1DEB928B08733DD80010E9CD /* Release */ = {
			isa = XCBuildConfiguration;
			buildSettings = {
				ARCHS = "$(ARCHS_STANDARD_32_64_BIT)";
				GCC_C_LANGUAGE_STANDARD = gnu99;
				GCC_WARN_ABOUT_RETURN_TYPE = YES;
				GCC_WARN_UNUSED_VARIABLE = YES;
				PREBINDING = NO;
				SDKROOT = macosx10.6;
			};
			name = Release;
		};
/* End XCBuildConfiguration section */

/* Begin XCConfigurationList section */
		1DEB928508733DD80010E9CD /* Build configuration list for PBXNativeTarget "compilador" */ = {
			isa = XCConfigurationList;
			buildConfigurations = (
				1DEB928608733DD80010E9CD /* Debug */,
				1DEB928708733DD80010E9CD /* Release */,
			);
			defaultConfigurationIsVisible = 0;
			defaultConfigurationName = Release;
		};
		1DEB928908733DD80010E9CD /* Build configuration list for PBXProject "compiler" */ = {
			isa = XCConfigurationList;
			buildConfigurations = (
				1DEB928A08733DD80010E9CD /* Debug */,
				1DEB928B08733DD80010E9CD /* Release */,
			);
			defaultConfigurationIsVisible = 0;
			defaultConfigurationName = Release;
		};
/* End XCConfigurationList section */
	};
	rootObject = 08FB7793FE84155DC02AAC07 /* Project object */;
}
